
Microsoft Visual Studio Solution File, Format Version 12.00
# Visual Studio Version 17
VisualStudioVersion = 17.5.33502.453
MinimumVisualStudioVersion = 10.0.40219.1
Project("{FAE04EC0-301F-11D3-BF4B-00C04F79EFBC}") = "Teste_Nivelamento_LYNX", "Teste_Nivelamento_LYNX.csproj", "{8D6CEB6B-7189-4674-B604-91741726A7FC}"
EndProject
Global
	GlobalSection(SolutionConfigurationPlatforms) = preSolution
		Debug|Any CPU = Debug|Any CPU
		Release|Any CPU = Release|Any CPU
	EndGlobalSection
	GlobalSection(ProjectConfigurationPlatforms) = postSolution
		{8D6CEB6B-7189-4674-B604-91741726A7FC}.Debug|Any CPU.ActiveCfg = Debug|Any CPU
		{8D6CEB6B-7189-4674-B604-91741726A7FC}.Debug|Any CPU.Build.0 = Debug|Any CPU
		{8D6CEB6B-7189-4674-B604-91741726A7FC}.Release|Any CPU.ActiveCfg = Release|Any CPU
		{8D6CEB6B-7189-4674-B604-91741726A7FC}.Release|Any CPU.Build.0 = Release|Any CPU
	EndGlobalSection
	GlobalSection(SolutionProperties) = preSolution
		HideSolutionNode = FALSE
	EndGlobalSection
	GlobalSection(ExtensibilityGlobals) = postSolution
		SolutionGuid = {618A0FB2-54B8-4213-AD43-D5B3BC3615D9}
	EndGlobalSection
EndGlobal
